{
  "requires": true,
  "lockfileVersion": 1,
  "dependencies": {
    "action-js": {
      "version": "4.3.0",
      "resolved": "https://registry.npmjs.org/action-js/-/action-js-4.3.0.tgz",
      "integrity": "sha1-G/0pNf5bm8nQJXbr04SoWNMNRH4="
    },
    "js-quantities": {
      "version": "1.7.6",
      "resolved": "https://registry.npmjs.org/js-quantities/-/js-quantities-1.7.6.tgz",
      "integrity": "sha512-h6TH1xK1u/zdjD26M6kKVthZONJSDTIRzrohbqOILfJAyanWHGlJLWuAWkSMtqi8k/IxshStsc97Pkf8SL9yvA=="
    }
  }
}
